
Microsoft Visual Studio Solution File, Format Version 12.00
# Visual Studio Version 16
VisualStudioVersion = 16.0.31624.102
MinimumVisualStudioVersion = 10.0.40219.1
Project("{FAE04EC0-301F-11D3-BF4B-00C04F79EFBC}") = "alg lab 1", "alg lab 1.csproj", "{B3912625-0983-4545-AA02-15C7DF1B08F7}"
EndProject
Global
	GlobalSection(SolutionConfigurationPlatforms) = preSolution
		Debug|Any CPU = Debug|Any CPU
		Release|Any CPU = Release|Any CPU
	EndGlobalSection
	GlobalSection(ProjectConfigurationPlatforms) = postSolution
		{B3912625-0983-4545-AA02-15C7DF1B08F7}.Debug|Any CPU.ActiveCfg = Debug|Any CPU
		{B3912625-0983-4545-AA02-15C7DF1B08F7}.Debug|Any CPU.Build.0 = Debug|Any CPU
		{B3912625-0983-4545-AA02-15C7DF1B08F7}.Release|Any CPU.ActiveCfg = Release|Any CPU
		{B3912625-0983-4545-AA02-15C7DF1B08F7}.Release|Any CPU.Build.0 = Release|Any CPU
	EndGlobalSection
	GlobalSection(SolutionProperties) = preSolution
		HideSolutionNode = FALSE
	EndGlobalSection
	GlobalSection(ExtensibilityGlobals) = postSolution
		SolutionGuid = {9824DFC5-E4B9-4A34-81BC-9A26982AEC34}
	EndGlobalSection
EndGlobal
